
Microsoft Visual Studio Solution File, Format Version 12.00
# Visual Studio 15
VisualStudioVersion = 15.0.27004.2005
MinimumVisualStudioVersion = 10.0.40219.1
Project("{FAE04EC0-301F-11D3-BF4B-00C04F79EFBC}") = "ArrayUtils", "ArrayUtils\ArrayUtils.csproj", "{49017B3A-CD2B-4828-B684-2B11C9AD985C}"
EndProject
Project("{FAE04EC0-301F-11D3-BF4B-00C04F79EFBC}") = "ArrayUtils.UnitTests", "ArrayUtils.UnitTests\ArrayUtils.UnitTests.csproj", "{191CA298-8D2B-43AE-96B8-A7C932BF3D9B}"
EndProject
Project("{FAE04EC0-301F-11D3-BF4B-00C04F79EFBC}") = "EnumerableGenerator", "EnumerableGenerator\EnumerableGenerator.csproj", "{8FB00B61-B512-4687-B00B-4B2F808F8476}"
EndProject
Project("{FAE04EC0-301F-11D3-BF4B-00C04F79EFBC}") = "Timer", "Timer\Timer.csproj", "{C7687A16-4CA8-4AF4-8FB1-83F99FCC5083}"
EndProject
Project("{FAE04EC0-301F-11D3-BF4B-00C04F79EFBC}") = "Timer.Example", "Timer.Example\Timer.Example.csproj", "{92A4D04E-9315-4444-813A-72443A373D4F}"
EndProject
Project("{2150E333-8FDC-42A3-9474-1A3956D46DE8}") = "Solution Items", "Solution Items", "{A3A36257-4BF6-4C1A-A771-185A8C7ED4B2}"
	ProjectSection(SolutionItems) = preProject
		README.md = README.md
	EndProjectSection
EndProject
Global
	GlobalSection(SolutionConfigurationPlatforms) = preSolution
		Debug|Any CPU = Debug|Any CPU
		Release|Any CPU = Release|Any CPU
	EndGlobalSection
	GlobalSection(ProjectConfigurationPlatforms) = postSolution
		{49017B3A-CD2B-4828-B684-2B11C9AD985C}.Debug|Any CPU.ActiveCfg = Debug|Any CPU
		{49017B3A-CD2B-4828-B684-2B11C9AD985C}.Debug|Any CPU.Build.0 = Debug|Any CPU
		{49017B3A-CD2B-4828-B684-2B11C9AD985C}.Release|Any CPU.ActiveCfg = Release|Any CPU
		{49017B3A-CD2B-4828-B684-2B11C9AD985C}.Release|Any CPU.Build.0 = Release|Any CPU
		{191CA298-8D2B-43AE-96B8-A7C932BF3D9B}.Debug|Any CPU.ActiveCfg = Debug|Any CPU
		{191CA298-8D2B-43AE-96B8-A7C932BF3D9B}.Debug|Any CPU.Build.0 = Debug|Any CPU
		{191CA298-8D2B-43AE-96B8-A7C932BF3D9B}.Release|Any CPU.ActiveCfg = Release|Any CPU
		{191CA298-8D2B-43AE-96B8-A7C932BF3D9B}.Release|Any CPU.Build.0 = Release|Any CPU
		{8FB00B61-B512-4687-B00B-4B2F808F8476}.Debug|Any CPU.ActiveCfg = Debug|Any CPU
		{8FB00B61-B512-4687-B00B-4B2F808F8476}.Debug|Any CPU.Build.0 = Debug|Any CPU
		{8FB00B61-B512-4687-B00B-4B2F808F8476}.Release|Any CPU.ActiveCfg = Release|Any CPU
		{8FB00B61-B512-4687-B00B-4B2F808F8476}.Release|Any CPU.Build.0 = Release|Any CPU
		{C7687A16-4CA8-4AF4-8FB1-83F99FCC5083}.Debug|Any CPU.ActiveCfg = Debug|Any CPU
		{C7687A16-4CA8-4AF4-8FB1-83F99FCC5083}.Debug|Any CPU.Build.0 = Debug|Any CPU
		{C7687A16-4CA8-4AF4-8FB1-83F99FCC5083}.Release|Any CPU.ActiveCfg = Release|Any CPU
		{C7687A16-4CA8-4AF4-8FB1-83F99FCC5083}.Release|Any CPU.Build.0 = Release|Any CPU
		{92A4D04E-9315-4444-813A-72443A373D4F}.Debug|Any CPU.ActiveCfg = Debug|Any CPU
		{92A4D04E-9315-4444-813A-72443A373D4F}.Debug|Any CPU.Build.0 = Debug|Any CPU
		{92A4D04E-9315-4444-813A-72443A373D4F}.Release|Any CPU.ActiveCfg = Release|Any CPU
		{92A4D04E-9315-4444-813A-72443A373D4F}.Release|Any CPU.Build.0 = Release|Any CPU
	EndGlobalSection
	GlobalSection(SolutionProperties) = preSolution
		HideSolutionNode = FALSE
	EndGlobalSection
	GlobalSection(ExtensibilityGlobals) = postSolution
		SolutionGuid = {BB7D0977-0C1D-4021-950C-C05E3D90C91F}
	EndGlobalSection
EndGlobal
